
Microsoft Visual Studio Solution File, Format Version 12.00
# Visual Studio Version 17
VisualStudioVersion = 17.0.31903.59
MinimumVisualStudioVersion = 10.0.40219.1
Project("{2150E333-8FDC-42A3-9474-1A3956D46DE8}") = "src", "src", "{827E0CD3-B72D-47B6-A68D-7590B98EB39B}"
EndProject
Project("{FAE04EC0-301F-11D3-BF4B-00C04F79EFBC}") = "Ecommerce.Shared", "src\Ecommerce.Shared\Ecommerce.Shared.csproj", "{06F5002D-8586-4767-B473-A027BE9A89AC}"
EndProject
Project("{FAE04EC0-301F-11D3-BF4B-00C04F79EFBC}") = "Ecommerce.Infrastructure", "src\Ecommerce.Infrastructure\Ecommerce.Infrastructure.csproj", "{E1ECB14C-BFAE-4FE6-936C-41ADC981A866}"
EndProject
Project("{FAE04EC0-301F-11D3-BF4B-00C04F79EFBC}") = "Ecommerce.Api", "src\Ecommerce.Api\Ecommerce.Api.csproj", "{D51F96A0-C24D-4C78-AD31-06710A7B2A96}"
EndProject
Project("{2150E333-8FDC-42A3-9474-1A3956D46DE8}") = "Modules", "Modules", "{EC447DCF-ABFA-6E24-52A5-D7FD48A5C558}"
EndProject
Project("{2150E333-8FDC-42A3-9474-1A3956D46DE8}") = "Catalog", "Catalog", "{1E1EF545-4C18-AEE2-B997-7EF431518D3F}"
EndProject
Project("{FAE04EC0-301F-11D3-BF4B-00C04F79EFBC}") = "Ecommerce.Modules.Catalog.Domain", "src\Modules\Catalog\Ecommerce.Modules.Catalog.Domain\Ecommerce.Modules.Catalog.Domain.csproj", "{80FEA673-6ADE-4356-9544-B46D24820728}"
EndProject
Project("{FAE04EC0-301F-11D3-BF4B-00C04F79EFBC}") = "Ecommerce.Modules.Catalog.Application", "src\Modules\Catalog\Ecommerce.Modules.Catalog.Application\Ecommerce.Modules.Catalog.Application.csproj", "{0CCCE23E-CC02-4BC0-8C4A-ECA7629E0ABD}"
EndProject
Project("{FAE04EC0-301F-11D3-BF4B-00C04F79EFBC}") = "Ecommerce.Modules.Catalog.Infrastructure", "src\Modules\Catalog\Ecommerce.Modules.Catalog.Infrastructure\Ecommerce.Modules.Catalog.Infrastructure.csproj", "{AB58960B-3DD2-4AB0-A177-C2AB4477EF6E}"
EndProject
Project("{2150E333-8FDC-42A3-9474-1A3956D46DE8}") = "Cart", "Cart", "{4CB6940A-8DC2-EB53-204F-2C1D4B30062C}"
EndProject
Project("{FAE04EC0-301F-11D3-BF4B-00C04F79EFBC}") = "Ecommerce.Modules.Cart.Domain", "src\Modules\Cart\Ecommerce.Modules.Cart.Domain\Ecommerce.Modules.Cart.Domain.csproj", "{5FB36B25-21CB-4D35-BE9D-68908F56FB84}"
EndProject
Project("{FAE04EC0-301F-11D3-BF4B-00C04F79EFBC}") = "Ecommerce.Modules.Cart.Application", "src\Modules\Cart\Ecommerce.Modules.Cart.Application\Ecommerce.Modules.Cart.Application.csproj", "{4B1297EA-133E-49D8-B41E-E2551093C333}"
EndProject
Project("{FAE04EC0-301F-11D3-BF4B-00C04F79EFBC}") = "Ecommerce.Modules.Cart.Infrastructure", "src\Modules\Cart\Ecommerce.Modules.Cart.Infrastructure\Ecommerce.Modules.Cart.Infrastructure.csproj", "{8E9A4B2D-2475-4D9D-A0D2-72899C28471F}"
EndProject
Project("{2150E333-8FDC-42A3-9474-1A3956D46DE8}") = "Orders", "Orders", "{CFD98C11-0354-2BE4-4011-BD6AEF12219D}"
EndProject
Project("{FAE04EC0-301F-11D3-BF4B-00C04F79EFBC}") = "Ecommerce.Modules.Orders.Domain", "src\Modules\Orders\Ecommerce.Modules.Orders.Domain\Ecommerce.Modules.Orders.Domain.csproj", "{C93E7016-C17C-4A24-8C4B-C8A761904CF1}"
EndProject
Project("{FAE04EC0-301F-11D3-BF4B-00C04F79EFBC}") = "Ecommerce.Modules.Orders.Application", "src\Modules\Orders\Ecommerce.Modules.Orders.Application\Ecommerce.Modules.Orders.Application.csproj", "{11820216-E88C-463A-B9C2-D94F8AC2BEFF}"
EndProject
Project("{FAE04EC0-301F-11D3-BF4B-00C04F79EFBC}") = "Ecommerce.Modules.Orders.Infrastructure", "src\Modules\Orders\Ecommerce.Modules.Orders.Infrastructure\Ecommerce.Modules.Orders.Infrastructure.csproj", "{25BE52BE-9F2A-4319-84ED-8DD301C5CD05}"
EndProject
Project("{2150E333-8FDC-42A3-9474-1A3956D46DE8}") = "Identity", "Identity", "{0EC62A1A-9858-3A60-8A0C-FC9AACFA2EC7}"
EndProject
Project("{FAE04EC0-301F-11D3-BF4B-00C04F79EFBC}") = "Ecommerce.Modules.Identity.Domain", "src\Modules\Identity\Ecommerce.Modules.Identity.Domain\Ecommerce.Modules.Identity.Domain.csproj", "{7D2C737A-AC89-420C-AE71-C1A38B2AD3C6}"
EndProject
Project("{FAE04EC0-301F-11D3-BF4B-00C04F79EFBC}") = "Ecommerce.Modules.Identity.Application", "src\Modules\Identity\Ecommerce.Modules.Identity.Application\Ecommerce.Modules.Identity.Application.csproj", "{9764130B-AB5C-4573-9C4E-614F41901113}"
EndProject
Project("{FAE04EC0-301F-11D3-BF4B-00C04F79EFBC}") = "Ecommerce.Modules.Identity.Infrastructure", "src\Modules\Identity\Ecommerce.Modules.Identity.Infrastructure\Ecommerce.Modules.Identity.Infrastructure.csproj", "{861B6C68-04A6-4C64-91B7-721C7E929A66}"
EndProject
Global
	GlobalSection(SolutionConfigurationPlatforms) = preSolution
		Debug|Any CPU = Debug|Any CPU
		Debug|x64 = Debug|x64
		Debug|x86 = Debug|x86
		Release|Any CPU = Release|Any CPU
		Release|x64 = Release|x64
		Release|x86 = Release|x86
	EndGlobalSection
	GlobalSection(ProjectConfigurationPlatforms) = postSolution
		{06F5002D-8586-4767-B473-A027BE9A89AC}.Debug|Any CPU.ActiveCfg = Debug|Any CPU
		{06F5002D-8586-4767-B473-A027BE9A89AC}.Debug|Any CPU.Build.0 = Debug|Any CPU
		{06F5002D-8586-4767-B473-A027BE9A89AC}.Debug|x64.ActiveCfg = Debug|Any CPU
		{06F5002D-8586-4767-B473-A027BE9A89AC}.Debug|x64.Build.0 = Debug|Any CPU
		{06F5002D-8586-4767-B473-A027BE9A89AC}.Debug|x86.ActiveCfg = Debug|Any CPU
		{06F5002D-8586-4767-B473-A027BE9A89AC}.Debug|x86.Build.0 = Debug|Any CPU
		{06F5002D-8586-4767-B473-A027BE9A89AC}.Release|Any CPU.ActiveCfg = Release|Any CPU
		{06F5002D-8586-4767-B473-A027BE9A89AC}.Release|Any CPU.Build.0 = Release|Any CPU
		{06F5002D-8586-4767-B473-A027BE9A89AC}.Release|x64.ActiveCfg = Release|Any CPU
		{06F5002D-8586-4767-B473-A027BE9A89AC}.Release|x64.Build.0 = Release|Any CPU
		{06F5002D-8586-4767-B473-A027BE9A89AC}.Release|x86.ActiveCfg = Release|Any CPU
		{06F5002D-8586-4767-B473-A027BE9A89AC}.Release|x86.Build.0 = Release|Any CPU
		{E1ECB14C-BFAE-4FE6-936C-41ADC981A866}.Debug|Any CPU.ActiveCfg = Debug|Any CPU
		{E1ECB14C-BFAE-4FE6-936C-41ADC981A866}.Debug|Any CPU.Build.0 = Debug|Any CPU
		{E1ECB14C-BFAE-4FE6-936C-41ADC981A866}.Debug|x64.ActiveCfg = Debug|Any CPU
		{E1ECB14C-BFAE-4FE6-936C-41ADC981A866}.Debug|x64.Build.0 = Debug|Any CPU
		{E1ECB14C-BFAE-4FE6-936C-41ADC981A866}.Debug|x86.ActiveCfg = Debug|Any CPU
		{E1ECB14C-BFAE-4FE6-936C-41ADC981A866}.Debug|x86.Build.0 = Debug|Any CPU
		{E1ECB14C-BFAE-4FE6-936C-41ADC981A866}.Release|Any CPU.ActiveCfg = Release|Any CPU
		{E1ECB14C-BFAE-4FE6-936C-41ADC981A866}.Release|Any CPU.Build.0 = Release|Any CPU
		{E1ECB14C-BFAE-4FE6-936C-41ADC981A866}.Release|x64.ActiveCfg = Release|Any CPU
		{E1ECB14C-BFAE-4FE6-936C-41ADC981A866}.Release|x64.Build.0 = Release|Any CPU
		{E1ECB14C-BFAE-4FE6-936C-41ADC981A866}.Release|x86.ActiveCfg = Release|Any CPU
		{E1ECB14C-BFAE-4FE6-936C-41ADC981A866}.Release|x86.Build.0 = Release|Any CPU
		{D51F96A0-C24D-4C78-AD31-06710A7B2A96}.Debug|Any CPU.ActiveCfg = Debug|Any CPU
		{D51F96A0-C24D-4C78-AD31-06710A7B2A96}.Debug|Any CPU.Build.0 = Debug|Any CPU
		{D51F96A0-C24D-4C78-AD31-06710A7B2A96}.Debug|x64.ActiveCfg = Debug|Any CPU
		{D51F96A0-C24D-4C78-AD31-06710A7B2A96}.Debug|x64.Build.0 = Debug|Any CPU
		{D51F96A0-C24D-4C78-AD31-06710A7B2A96}.Debug|x86.ActiveCfg = Debug|Any CPU
		{D51F96A0-C24D-4C78-AD31-06710A7B2A96}.Debug|x86.Build.0 = Debug|Any CPU
		{D51F96A0-C24D-4C78-AD31-06710A7B2A96}.Release|Any CPU.ActiveCfg = Release|Any CPU
		{D51F96A0-C24D-4C78-AD31-06710A7B2A96}.Release|Any CPU.Build.0 = Release|Any CPU
		{D51F96A0-C24D-4C78-AD31-06710A7B2A96}.Release|x64.ActiveCfg = Release|Any CPU
		{D51F96A0-C24D-4C78-AD31-06710A7B2A96}.Release|x64.Build.0 = Release|Any CPU
		{D51F96A0-C24D-4C78-AD31-06710A7B2A96}.Release|x86.ActiveCfg = Release|Any CPU
		{D51F96A0-C24D-4C78-AD31-06710A7B2A96}.Release|x86.Build.0 = Release|Any CPU
		{80FEA673-6ADE-4356-9544-B46D24820728}.Debug|Any CPU.ActiveCfg = Debug|Any CPU
		{80FEA673-6ADE-4356-9544-B46D24820728}.Debug|Any CPU.Build.0 = Debug|Any CPU
		{80FEA673-6ADE-4356-9544-B46D24820728}.Debug|x64.ActiveCfg = Debug|Any CPU
		{80FEA673-6ADE-4356-9544-B46D24820728}.Debug|x64.Build.0 = Debug|Any CPU
		{80FEA673-6ADE-4356-9544-B46D24820728}.Debug|x86.ActiveCfg = Debug|Any CPU
		{80FEA673-6ADE-4356-9544-B46D24820728}.Debug|x86.Build.0 = Debug|Any CPU
		{80FEA673-6ADE-4356-9544-B46D24820728}.Release|Any CPU.ActiveCfg = Release|Any CPU
		{80FEA673-6ADE-4356-9544-B46D24820728}.Release|Any CPU.Build.0 = Release|Any CPU
		{80FEA673-6ADE-4356-9544-B46D24820728}.Release|x64.ActiveCfg = Release|Any CPU
		{80FEA673-6ADE-4356-9544-B46D24820728}.Release|x64.Build.0 = Release|Any CPU
		{80FEA673-6ADE-4356-9544-B46D24820728}.Release|x86.ActiveCfg = Release|Any CPU
		{80FEA673-6ADE-4356-9544-B46D24820728}.Release|x86.Build.0 = Release|Any CPU
		{0CCCE23E-CC02-4BC0-8C4A-ECA7629E0ABD}.Debug|Any CPU.ActiveCfg = Debug|Any CPU
		{0CCCE23E-CC02-4BC0-8C4A-ECA7629E0ABD}.Debug|Any CPU.Build.0 = Debug|Any CPU
		{0CCCE23E-CC02-4BC0-8C4A-ECA7629E0ABD}.Debug|x64.ActiveCfg = Debug|Any CPU
		{0CCCE23E-CC02-4BC0-8C4A-ECA7629E0ABD}.Debug|x64.Build.0 = Debug|Any CPU
		{0CCCE23E-CC02-4BC0-8C4A-ECA7629E0ABD}.Debug|x86.ActiveCfg = Debug|Any CPU
		{0CCCE23E-CC02-4BC0-8C4A-ECA7629E0ABD}.Debug|x86.Build.0 = Debug|Any CPU
		{0CCCE23E-CC02-4BC0-8C4A-ECA7629E0ABD}.Release|Any CPU.ActiveCfg = Release|Any CPU
		{0CCCE23E-CC02-4BC0-8C4A-ECA7629E0ABD}.Release|Any CPU.Build.0 = Release|Any CPU
		{0CCCE23E-CC02-4BC0-8C4A-ECA7629E0ABD}.Release|x64.ActiveCfg = Release|Any CPU
		{0CCCE23E-CC02-4BC0-8C4A-ECA7629E0ABD}.Release|x64.Build.0 = Release|Any CPU
		{0CCCE23E-CC02-4BC0-8C4A-ECA7629E0ABD}.Release|x86.ActiveCfg = Release|Any CPU
		{0CCCE23E-CC02-4BC0-8C4A-ECA7629E0ABD}.Release|x86.Build.0 = Release|Any CPU
		{AB58960B-3DD2-4AB0-A177-C2AB4477EF6E}.Debug|Any CPU.ActiveCfg = Debug|Any CPU
		{AB58960B-3DD2-4AB0-A177-C2AB4477EF6E}.Debug|Any CPU.Build.0 = Debug|Any CPU
		{AB58960B-3DD2-4AB0-A177-C2AB4477EF6E}.Debug|x64.ActiveCfg = Debug|Any CPU
		{AB58960B-3DD2-4AB0-A177-C2AB4477EF6E}.Debug|x64.Build.0 = Debug|Any CPU
		{AB58960B-3DD2-4AB0-A177-C2AB4477EF6E}.Debug|x86.ActiveCfg = Debug|Any CPU
		{AB58960B-3DD2-4AB0-A177-C2AB4477EF6E}.Debug|x86.Build.0 = Debug|Any CPU
		{AB58960B-3DD2-4AB0-A177-C2AB4477EF6E}.Release|Any CPU.ActiveCfg = Release|Any CPU
		{AB58960B-3DD2-4AB0-A177-C2AB4477EF6E}.Release|Any CPU.Build.0 = Release|Any CPU
		{AB58960B-3DD2-4AB0-A177-C2AB4477EF6E}.Release|x64.ActiveCfg = Release|Any CPU
		{AB58960B-3DD2-4AB0-A177-C2AB4477EF6E}.Release|x64.Build.0 = Release|Any CPU
		{AB58960B-3DD2-4AB0-A177-C2AB4477EF6E}.Release|x86.ActiveCfg = Release|Any CPU
		{AB58960B-3DD2-4AB0-A177-C2AB4477EF6E}.Release|x86.Build.0 = Release|Any CPU
		{5FB36B25-21CB-4D35-BE9D-68908F56FB84}.Debug|Any CPU.ActiveCfg = Debug|Any CPU
		{5FB36B25-21CB-4D35-BE9D-68908F56FB84}.Debug|Any CPU.Build.0 = Debug|Any CPU
		{5FB36B25-21CB-4D35-BE9D-68908F56FB84}.Debug|x64.ActiveCfg = Debug|Any CPU
		{5FB36B25-21CB-4D35-BE9D-68908F56FB84}.Debug|x64.Build.0 = Debug|Any CPU
		{5FB36B25-21CB-4D35-BE9D-68908F56FB84}.Debug|x86.ActiveCfg = Debug|Any CPU
		{5FB36B25-21CB-4D35-BE9D-68908F56FB84}.Debug|x86.Build.0 = Debug|Any CPU
		{5FB36B25-21CB-4D35-BE9D-68908F56FB84}.Release|Any CPU.ActiveCfg = Release|Any CPU
		{5FB36B25-21CB-4D35-BE9D-68908F56FB84}.Release|Any CPU.Build.0 = Release|Any CPU
		{5FB36B25-21CB-4D35-BE9D-68908F56FB84}.Release|x64.ActiveCfg = Release|Any CPU
		{5FB36B25-21CB-4D35-BE9D-68908F56FB84}.Release|x64.Build.0 = Release|Any CPU
		{5FB36B25-21CB-4D35-BE9D-68908F56FB84}.Release|x86.ActiveCfg = Release|Any CPU
		{5FB36B25-21CB-4D35-BE9D-68908F56FB84}.Release|x86.Build.0 = Release|Any CPU
		{4B1297EA-133E-49D8-B41E-E2551093C333}.Debug|Any CPU.ActiveCfg = Debug|Any CPU
		{4B1297EA-133E-49D8-B41E-E2551093C333}.Debug|Any CPU.Build.0 = Debug|Any CPU
		{4B1297EA-133E-49D8-B41E-E2551093C333}.Debug|x64.ActiveCfg = Debug|Any CPU
		{4B1297EA-133E-49D8-B41E-E2551093C333}.Debug|x64.Build.0 = Debug|Any CPU
		{4B1297EA-133E-49D8-B41E-E2551093C333}.Debug|x86.ActiveCfg = Debug|Any CPU
		{4B1297EA-133E-49D8-B41E-E2551093C333}.Debug|x86.Build.0 = Debug|Any CPU
		{4B1297EA-133E-49D8-B41E-E2551093C333}.Release|Any CPU.ActiveCfg = Release|Any CPU
		{4B1297EA-133E-49D8-B41E-E2551093C333}.Release|Any CPU.Build.0 = Release|Any CPU
		{4B1297EA-133E-49D8-B41E-E2551093C333}.Release|x64.ActiveCfg = Release|Any CPU
		{4B1297EA-133E-49D8-B41E-E2551093C333}.Release|x64.Build.0 = Release|Any CPU
		{4B1297EA-133E-49D8-B41E-E2551093C333}.Release|x86.ActiveCfg = Release|Any CPU
		{4B1297EA-133E-49D8-B41E-E2551093C333}.Release|x86.Build.0 = Release|Any CPU
		{8E9A4B2D-2475-4D9D-A0D2-72899C28471F}.Debug|Any CPU.ActiveCfg = Debug|Any CPU
		{8E9A4B2D-2475-4D9D-A0D2-72899C28471F}.Debug|Any CPU.Build.0 = Debug|Any CPU
		{8E9A4B2D-2475-4D9D-A0D2-72899C28471F}.Debug|x64.ActiveCfg = Debug|Any CPU
		{8E9A4B2D-2475-4D9D-A0D2-72899C28471F}.Debug|x64.Build.0 = Debug|Any CPU
		{8E9A4B2D-2475-4D9D-A0D2-72899C28471F}.Debug|x86.ActiveCfg = Debug|Any CPU
		{8E9A4B2D-2475-4D9D-A0D2-72899C28471F}.Debug|x86.Build.0 = Debug|Any CPU
		{8E9A4B2D-2475-4D9D-A0D2-72899C28471F}.Release|Any CPU.ActiveCfg = Release|Any CPU
		{8E9A4B2D-2475-4D9D-A0D2-72899C28471F}.Release|Any CPU.Build.0 = Release|Any CPU
		{8E9A4B2D-2475-4D9D-A0D2-72899C28471F}.Release|x64.ActiveCfg = Release|Any CPU
		{8E9A4B2D-2475-4D9D-A0D2-72899C28471F}.Release|x64.Build.0 = Release|Any CPU
		{8E9A4B2D-2475-4D9D-A0D2-72899C28471F}.Release|x86.ActiveCfg = Release|Any CPU
		{8E9A4B2D-2475-4D9D-A0D2-72899C28471F}.Release|x86.Build.0 = Release|Any CPU
		{C93E7016-C17C-4A24-8C4B-C8A761904CF1}.Debug|Any CPU.ActiveCfg = Debug|Any CPU
		{C93E7016-C17C-4A24-8C4B-C8A761904CF1}.Debug|Any CPU.Build.0 = Debug|Any CPU
		{C93E7016-C17C-4A24-8C4B-C8A761904CF1}.Debug|x64.ActiveCfg = Debug|Any CPU
		{C93E7016-C17C-4A24-8C4B-C8A761904CF1}.Debug|x64.Build.0 = Debug|Any CPU
		{C93E7016-C17C-4A24-8C4B-C8A761904CF1}.Debug|x86.ActiveCfg = Debug|Any CPU
		{C93E7016-C17C-4A24-8C4B-C8A761904CF1}.Debug|x86.Build.0 = Debug|Any CPU
		{C93E7016-C17C-4A24-8C4B-C8A761904CF1}.Release|Any CPU.ActiveCfg = Release|Any CPU
		{C93E7016-C17C-4A24-8C4B-C8A761904CF1}.Release|Any CPU.Build.0 = Release|Any CPU
		{C93E7016-C17C-4A24-8C4B-C8A761904CF1}.Release|x64.ActiveCfg = Release|Any CPU
		{C93E7016-C17C-4A24-8C4B-C8A761904CF1}.Release|x64.Build.0 = Release|Any CPU
		{C93E7016-C17C-4A24-8C4B-C8A761904CF1}.Release|x86.ActiveCfg = Release|Any CPU
		{C93E7016-C17C-4A24-8C4B-C8A761904CF1}.Release|x86.Build.0 = Release|Any CPU
		{11820216-E88C-463A-B9C2-D94F8AC2BEFF}.Debug|Any CPU.ActiveCfg = Debug|Any CPU
		{11820216-E88C-463A-B9C2-D94F8AC2BEFF}.Debug|Any CPU.Build.0 = Debug|Any CPU
		{11820216-E88C-463A-B9C2-D94F8AC2BEFF}.Debug|x64.ActiveCfg = Debug|Any CPU
		{11820216-E88C-463A-B9C2-D94F8AC2BEFF}.Debug|x64.Build.0 = Debug|Any CPU
		{11820216-E88C-463A-B9C2-D94F8AC2BEFF}.Debug|x86.ActiveCfg = Debug|Any CPU
		{11820216-E88C-463A-B9C2-D94F8AC2BEFF}.Debug|x86.Build.0 = Debug|Any CPU
		{11820216-E88C-463A-B9C2-D94F8AC2BEFF}.Release|Any CPU.ActiveCfg = Release|Any CPU
		{11820216-E88C-463A-B9C2-D94F8AC2BEFF}.Release|Any CPU.Build.0 = Release|Any CPU
		{11820216-E88C-463A-B9C2-D94F8AC2BEFF}.Release|x64.ActiveCfg = Release|Any CPU
		{11820216-E88C-463A-B9C2-D94F8AC2BEFF}.Release|x64.Build.0 = Release|Any CPU
		{11820216-E88C-463A-B9C2-D94F8AC2BEFF}.Release|x86.ActiveCfg = Release|Any CPU
		{11820216-E88C-463A-B9C2-D94F8AC2BEFF}.Release|x86.Build.0 = Release|Any CPU
		{25BE52BE-9F2A-4319-84ED-8DD301C5CD05}.Debug|Any CPU.ActiveCfg = Debug|Any CPU
		{25BE52BE-9F2A-4319-84ED-8DD301C5CD05}.Debug|Any CPU.Build.0 = Debug|Any CPU
		{25BE52BE-9F2A-4319-84ED-8DD301C5CD05}.Debug|x64.ActiveCfg = Debug|Any CPU
		{25BE52BE-9F2A-4319-84ED-8DD301C5CD05}.Debug|x64.Build.0 = Debug|Any CPU
		{25BE52BE-9F2A-4319-84ED-8DD301C5CD05}.Debug|x86.ActiveCfg = Debug|Any CPU
		{25BE52BE-9F2A-4319-84ED-8DD301C5CD05}.Debug|x86.Build.0 = Debug|Any CPU
		{25BE52BE-9F2A-4319-84ED-8DD301C5CD05}.Release|Any CPU.ActiveCfg = Release|Any CPU
		{25BE52BE-9F2A-4319-84ED-8DD301C5CD05}.Release|Any CPU.Build.0 = Release|Any CPU
		{25BE52BE-9F2A-4319-84ED-8DD301C5CD05}.Release|x64.ActiveCfg = Release|Any CPU
		{25BE52BE-9F2A-4319-84ED-8DD301C5CD05}.Release|x64.Build.0 = Release|Any CPU
		{25BE52BE-9F2A-4319-84ED-8DD301C5CD05}.Release|x86.ActiveCfg = Release|Any CPU
		{25BE52BE-9F2A-4319-84ED-8DD301C5CD05}.Release|x86.Build.0 = Release|Any CPU
		{7D2C737A-AC89-420C-AE71-C1A38B2AD3C6}.Debug|Any CPU.ActiveCfg = Debug|Any CPU
		{7D2C737A-AC89-420C-AE71-C1A38B2AD3C6}.Debug|Any CPU.Build.0 = Debug|Any CPU
		{7D2C737A-AC89-420C-AE71-C1A38B2AD3C6}.Debug|x64.ActiveCfg = Debug|Any CPU
		{7D2C737A-AC89-420C-AE71-C1A38B2AD3C6}.Debug|x64.Build.0 = Debug|Any CPU
		{7D2C737A-AC89-420C-AE71-C1A38B2AD3C6}.Debug|x86.ActiveCfg = Debug|Any CPU
		{7D2C737A-AC89-420C-AE71-C1A38B2AD3C6}.Debug|x86.Build.0 = Debug|Any CPU
		{7D2C737A-AC89-420C-AE71-C1A38B2AD3C6}.Release|Any CPU.ActiveCfg = Release|Any CPU
		{7D2C737A-AC89-420C-AE71-C1A38B2AD3C6}.Release|Any CPU.Build.0 = Release|Any CPU
		{7D2C737A-AC89-420C-AE71-C1A38B2AD3C6}.Release|x64.ActiveCfg = Release|Any CPU
		{7D2C737A-AC89-420C-AE71-C1A38B2AD3C6}.Release|x64.Build.0 = Release|Any CPU
		{7D2C737A-AC89-420C-AE71-C1A38B2AD3C6}.Release|x86.ActiveCfg = Release|Any CPU
		{7D2C737A-AC89-420C-AE71-C1A38B2AD3C6}.Release|x86.Build.0 = Release|Any CPU
		{9764130B-AB5C-4573-9C4E-614F41901113}.Debug|Any CPU.ActiveCfg = Debug|Any CPU
		{9764130B-AB5C-4573-9C4E-614F41901113}.Debug|Any CPU.Build.0 = Debug|Any CPU
		{9764130B-AB5C-4573-9C4E-614F41901113}.Debug|x64.ActiveCfg = Debug|Any CPU
		{9764130B-AB5C-4573-9C4E-614F41901113}.Debug|x64.Build.0 = Debug|Any CPU
		{9764130B-AB5C-4573-9C4E-614F41901113}.Debug|x86.ActiveCfg = Debug|Any CPU
		{9764130B-AB5C-4573-9C4E-614F41901113}.Debug|x86.Build.0 = Debug|Any CPU
		{9764130B-AB5C-4573-9C4E-614F41901113}.Release|Any CPU.ActiveCfg = Release|Any CPU
		{9764130B-AB5C-4573-9C4E-614F41901113}.Release|Any CPU.Build.0 = Release|Any CPU
		{9764130B-AB5C-4573-9C4E-614F41901113}.Release|x64.ActiveCfg = Release|Any CPU
		{9764130B-AB5C-4573-9C4E-614F41901113}.Release|x64.Build.0 = Release|Any CPU
		{9764130B-AB5C-4573-9C4E-614F41901113}.Release|x86.ActiveCfg = Release|Any CPU
		{9764130B-AB5C-4573-9C4E-614F41901113}.Release|x86.Build.0 = Release|Any CPU
		{861B6C68-04A6-4C64-91B7-721C7E929A66}.Debug|Any CPU.ActiveCfg = Debug|Any CPU
		{861B6C68-04A6-4C64-91B7-721C7E929A66}.Debug|Any CPU.Build.0 = Debug|Any CPU
		{861B6C68-04A6-4C64-91B7-721C7E929A66}.Debug|x64.ActiveCfg = Debug|Any CPU
		{861B6C68-04A6-4C64-91B7-721C7E929A66}.Debug|x64.Build.0 = Debug|Any CPU
		{861B6C68-04A6-4C64-91B7-721C7E929A66}.Debug|x86.ActiveCfg = Debug|Any CPU
		{861B6C68-04A6-4C64-91B7-721C7E929A66}.Debug|x86.Build.0 = Debug|Any CPU
		{861B6C68-04A6-4C64-91B7-721C7E929A66}.Release|Any CPU.ActiveCfg = Release|Any CPU
		{861B6C68-04A6-4C64-91B7-721C7E929A66}.Release|Any CPU.Build.0 = Release|Any CPU
		{861B6C68-04A6-4C64-91B7-721C7E929A66}.Release|x64.ActiveCfg = Release|Any CPU
		{861B6C68-04A6-4C64-91B7-721C7E929A66}.Release|x64.Build.0 = Release|Any CPU
		{861B6C68-04A6-4C64-91B7-721C7E929A66}.Release|x86.ActiveCfg = Release|Any CPU
		{861B6C68-04A6-4C64-91B7-721C7E929A66}.Release|x86.Build.0 = Release|Any CPU
	EndGlobalSection
	GlobalSection(SolutionProperties) = preSolution
		HideSolutionNode = FALSE
	EndGlobalSection
	GlobalSection(NestedProjects) = preSolution
		{06F5002D-8586-4767-B473-A027BE9A89AC} = {827E0CD3-B72D-47B6-A68D-7590B98EB39B}
		{E1ECB14C-BFAE-4FE6-936C-41ADC981A866} = {827E0CD3-B72D-47B6-A68D-7590B98EB39B}
		{D51F96A0-C24D-4C78-AD31-06710A7B2A96} = {827E0CD3-B72D-47B6-A68D-7590B98EB39B}
		{EC447DCF-ABFA-6E24-52A5-D7FD48A5C558} = {827E0CD3-B72D-47B6-A68D-7590B98EB39B}
		{1E1EF545-4C18-AEE2-B997-7EF431518D3F} = {EC447DCF-ABFA-6E24-52A5-D7FD48A5C558}
		{80FEA673-6ADE-4356-9544-B46D24820728} = {1E1EF545-4C18-AEE2-B997-7EF431518D3F}
		{0CCCE23E-CC02-4BC0-8C4A-ECA7629E0ABD} = {1E1EF545-4C18-AEE2-B997-7EF431518D3F}
		{AB58960B-3DD2-4AB0-A177-C2AB4477EF6E} = {1E1EF545-4C18-AEE2-B997-7EF431518D3F}
		{4CB6940A-8DC2-EB53-204F-2C1D4B30062C} = {EC447DCF-ABFA-6E24-52A5-D7FD48A5C558}
		{5FB36B25-21CB-4D35-BE9D-68908F56FB84} = {4CB6940A-8DC2-EB53-204F-2C1D4B30062C}
		{4B1297EA-133E-49D8-B41E-E2551093C333} = {4CB6940A-8DC2-EB53-204F-2C1D4B30062C}
		{8E9A4B2D-2475-4D9D-A0D2-72899C28471F} = {4CB6940A-8DC2-EB53-204F-2C1D4B30062C}
		{CFD98C11-0354-2BE4-4011-BD6AEF12219D} = {EC447DCF-ABFA-6E24-52A5-D7FD48A5C558}
		{C93E7016-C17C-4A24-8C4B-C8A761904CF1} = {CFD98C11-0354-2BE4-4011-BD6AEF12219D}
		{11820216-E88C-463A-B9C2-D94F8AC2BEFF} = {CFD98C11-0354-2BE4-4011-BD6AEF12219D}
		{25BE52BE-9F2A-4319-84ED-8DD301C5CD05} = {CFD98C11-0354-2BE4-4011-BD6AEF12219D}
		{0EC62A1A-9858-3A60-8A0C-FC9AACFA2EC7} = {EC447DCF-ABFA-6E24-52A5-D7FD48A5C558}
		{7D2C737A-AC89-420C-AE71-C1A38B2AD3C6} = {0EC62A1A-9858-3A60-8A0C-FC9AACFA2EC7}
		{9764130B-AB5C-4573-9C4E-614F41901113} = {0EC62A1A-9858-3A60-8A0C-FC9AACFA2EC7}
		{861B6C68-04A6-4C64-91B7-721C7E929A66} = {0EC62A1A-9858-3A60-8A0C-FC9AACFA2EC7}
	EndGlobalSection
EndGlobal
